version = 1
revision = 2
requires-python = ">=3.10"
resolution-markers = [
    "python_full_version >= '3.12'",
    "python_full_version < '3.12'",
]

[[package]]
name = "filelock"
version = "3.13.1"
source = { registry = "https://download.pytorch.org/whl/cu118" }
wheels = [
    { url = "https://download.pytorch.org/whl/filelock-3.13.1-py3-none-any.whl", hash = "sha256:57dbda9b35157b05fb3e58ee91448612eb674172fab98ee235ccb0b5bee19a1c" },
]

[[package]]
name = "fsspec"
version = "2024.6.1"
source = { registry = "https://download.pytorch.org/whl/cu118" }
wheels = [
    { url = "https://download.pytorch.org/whl/fsspec-2024.6.1-py3-none-any.whl", hash = "sha256:3cb443f8bcd2efb31295a5b9fdb02aee81d8452c80d28f97a6d0959e6cee101e" },
]

[[package]]
name = "jinja2"
version = "3.1.4"
source = { registry = "https://download.pytorch.org/whl/cu118" }
dependencies = [
    { name = "markupsafe" },
]
wheels = [
    { url = "https://download.pytorch.org/whl/Jinja2-3.1.4-py3-none-any.whl", hash = "sha256:bc5dd2abb727a5319567b7a813e6a2e7318c39f4f487cfe6c89c6f9c7d25197d" },
]

[[package]]
name = "licencjat"
version = "0.1.0"
source = { virtual = "." }
dependencies = [
    { name = "torch" },
    { name = "torchaudio" },
    { name = "torchvision" },
]

[package.metadata]
requires-dist = [
    { name = "torch", specifier = ">=2.7.1" },
    { name = "torchaudio", specifier = ">=2.7.1" },
    { name = "torchvision", specifier = ">=0.22.1" },
]

[[package]]
name = "markupsafe"
version = "3.0.2"
source = { registry = "https://download.pytorch.org/whl/cu118" }
wheels = [
    { url = "https://download.pytorch.org/whl/MarkupSafe-3.0.2-cp313-cp313-manylinux_2_17_x86_64.manylinux2014_x86_64.whl", hash = "sha256:15ab75ef81add55874e7ab7055e9c397312385bd9ced94920f2802310c930396" },
]

[[package]]
name = "mpmath"
version = "1.3.0"
source = { registry = "https://download.pytorch.org/whl/cu118" }
wheels = [
    { url = "https://download.pytorch.org/whl/mpmath-1.3.0-py3-none-any.whl", hash = "sha256:a0b2b9fe80bbcd81a6647ff13108738cfb482d481d826cc0e02f5b35e5c88d2c" },
]

[[package]]
name = "networkx"
version = "3.3"
source = { registry = "https://download.pytorch.org/whl/cu118" }
wheels = [
    { url = "https://download.pytorch.org/whl/networkx-3.3-py3-none-any.whl", hash = "sha256:28575580c6ebdaf4505b22c6256a2b9de86b316dc63ba9e93abde3d78dfdbcf2" },
]

[[package]]
name = "numpy"
version = "2.1.2"
source = { registry = "https://download.pytorch.org/whl/cu118" }
wheels = [
    { url = "https://download.pytorch.org/whl/numpy-2.1.2-cp310-cp310-macosx_10_9_x86_64.whl", hash = "sha256:30d53720b726ec36a7f88dc873f0eec8447fbc93d93a8f079dfac2629598d6ee" },
    { url = "https://download.pytorch.org/whl/numpy-2.1.2-cp310-cp310-macosx_11_0_arm64.whl", hash = "sha256:e8d3ca0a72dd8846eb6f7dfe8f19088060fcb76931ed592d29128e0219652884" },
    { url = "https://download.pytorch.org/whl/numpy-2.1.2-cp310-cp310-macosx_14_0_arm64.whl", hash = "sha256:fc44e3c68ff00fd991b59092a54350e6e4911152682b4782f68070985aa9e648" },
    { url = "https://download.pytorch.org/whl/numpy-2.1.2-cp310-cp310-macosx_14_0_x86_64.whl", hash = "sha256:7c1c60328bd964b53f8b835df69ae8198659e2b9302ff9ebb7de4e5a5994db3d" },
    { url = "https://download.pytorch.org/whl/numpy-2.1.2-cp310-cp310-manylinux_2_17_aarch64.manylinux2014_aarch64.whl", hash = "sha256:6cdb606a7478f9ad91c6283e238544451e3a95f30fb5467fbf715964341a8a86" },
    { url = "https://download.pytorch.org/whl/numpy-2.1.2-cp310-cp310-manylinux_2_17_x86_64.manylinux2014_x86_64.whl", hash = "sha256:d666cb72687559689e9906197e3bec7b736764df6a2e58ee265e360663e9baf7" },
    { url = "https://download.pytorch.org/whl/numpy-2.1.2-cp310-cp310-win_amd64.whl", hash = "sha256:860ec6e63e2c5c2ee5e9121808145c7bf86c96cca9ad396c0bd3e0f2798ccbe2" },
    { url = "https://download.pytorch.org/whl/numpy-2.1.2-cp311-cp311-macosx_10_9_x86_64.whl", hash = "sha256:b42a1a511c81cc78cbc4539675713bbcf9d9c3913386243ceff0e9429ca892fe" },
    { url = "https://download.pytorch.org/whl/numpy-2.1.2-cp311-cp311-macosx_11_0_arm64.whl", hash = "sha256:faa88bc527d0f097abdc2c663cddf37c05a1c2f113716601555249805cf573f1" },
    { url = "https://download.pytorch.org/whl/numpy-2.1.2-cp311-cp311-macosx_14_0_arm64.whl", hash = "sha256:c82af4b2ddd2ee72d1fc0c6695048d457e00b3582ccde72d8a1c991b808bb20f" },
    { url = "https://download.pytorch.org/whl/numpy-2.1.2-cp311-cp311-macosx_14_0_x86_64.whl", hash = "sha256:13602b3174432a35b16c4cfb5de9a12d229727c3dd47a6ce35111f2ebdf66ff4" },
    { url = "https://download.pytorch.org/whl/numpy-2.1.2-cp311-cp311-manylinux_2_17_aarch64.manylinux2014_aarch64.whl", hash = "sha256:1ebec5fd716c5a5b3d8dfcc439be82a8407b7b24b230d0ad28a81b61c2f4659a" },
    { url = "https://download.pytorch.org/whl/numpy-2.1.2-cp311-cp311-manylinux_2_17_x86_64.manylinux2014_x86_64.whl", hash = "sha256:e2b49c3c0804e8ecb05d59af8386ec2f74877f7ca8fd9c1e00be2672e4d399b1" },
    { url = "https://download.pytorch.org/whl/numpy-2.1.2-cp311-cp311-win_amd64.whl", hash = "sha256:f1eb068ead09f4994dec71c24b2844f1e4e4e013b9629f812f292f04bd1510d9" },
    { url = "https://download.pytorch.org/whl/numpy-2.1.2-cp312-cp312-macosx_10_13_x86_64.whl", hash = "sha256:d7bf0a4f9f15b32b5ba53147369e94296f5fffb783db5aacc1be15b4bf72f43b" },
    { url = "https://download.pytorch.org/whl/numpy-2.1.2-cp312-cp312-macosx_11_0_arm64.whl", hash = "sha256:b1d0fcae4f0949f215d4632be684a539859b295e2d0cb14f78ec231915d644db" },
    { url = "https://download.pytorch.org/whl/numpy-2.1.2-cp312-cp312-macosx_14_0_arm64.whl", hash = "sha256:f751ed0a2f250541e19dfca9f1eafa31a392c71c832b6bb9e113b10d050cb0f1" },
    { url = "https://download.pytorch.org/whl/numpy-2.1.2-cp312-cp312-macosx_14_0_x86_64.whl", hash = "sha256:bd33f82e95ba7ad632bc57837ee99dba3d7e006536200c4e9124089e1bf42426" },
    { url = "https://download.pytorch.org/whl/numpy-2.1.2-cp312-cp312-manylinux_2_17_aarch64.manylinux2014_aarch64.whl", hash = "sha256:1b8cde4f11f0a975d1fd59373b32e2f5a562ade7cde4f85b7137f3de8fbb29a0" },
    { url = "https://download.pytorch.org/whl/numpy-2.1.2-cp312-cp312-manylinux_2_17_x86_64.manylinux2014_x86_64.whl", hash = "sha256:6d95f286b8244b3649b477ac066c6906fbb2905f8ac19b170e2175d3d799f4df" },
    { url = "https://download.pytorch.org/whl/numpy-2.1.2-cp312-cp312-win_amd64.whl", hash = "sha256:456e3b11cb79ac9946c822a56346ec80275eaf2950314b249b512896c0d2505e" },
    { url = "https://download.pytorch.org/whl/numpy-2.1.2-cp313-cp313-macosx_10_13_x86_64.whl", hash = "sha256:a84498e0d0a1174f2b3ed769b67b656aa5460c92c9554039e11f20a05650f00d" },
    { url = "https://download.pytorch.org/whl/numpy-2.1.2-cp313-cp313-macosx_11_0_arm64.whl", hash = "sha256:4d6ec0d4222e8ffdab1744da2560f07856421b367928026fb540e1945f2eeeaf" },
    { url = "https://download.pytorch.org/whl/numpy-2.1.2-cp313-cp313-macosx_14_0_arm64.whl", hash = "sha256:259ec80d54999cc34cd1eb8ded513cb053c3bf4829152a2e00de2371bd406f5e" },
    { url = "https://download.pytorch.org/whl/numpy-2.1.2-cp313-cp313-macosx_14_0_x86_64.whl", hash = "sha256:675c741d4739af2dc20cd6c6a5c4b7355c728167845e3c6b0e824e4e5d36a6c3" },
    { url = "https://download.pytorch.org/whl/numpy-2.1.2-cp313-cp313-manylinux_2_17_aarch64.manylinux2014_aarch64.whl", hash = "sha256:05b2d4e667895cc55e3ff2b56077e4c8a5604361fc21a042845ea3ad67465aa8" },
    { url = "https://download.pytorch.org/whl/numpy-2.1.2-cp313-cp313-manylinux_2_17_x86_64.manylinux2014_x86_64.whl", hash = "sha256:43cca367bf94a14aca50b89e9bc2061683116cfe864e56740e083392f533ce7a" },
    { url = "https://download.pytorch.org/whl/numpy-2.1.2-cp313-cp313-win_amd64.whl", hash = "sha256:f2ded8d9b6f68cc26f8425eda5d3877b47343e68ca23d0d0846f4d312ecaa445" },
    { url = "https://download.pytorch.org/whl/numpy-2.1.2-cp313-cp313t-macosx_10_13_x86_64.whl", hash = "sha256:2ffef621c14ebb0188a8633348504a35c13680d6da93ab5cb86f4e54b7e922b5" },
    { url = "https://download.pytorch.org/whl/numpy-2.1.2-cp313-cp313t-macosx_11_0_arm64.whl", hash = "sha256:ad369ed238b1959dfbade9018a740fb9392c5ac4f9b5173f420bd4f37ba1f7a0" },
    { url = "https://download.pytorch.org/whl/numpy-2.1.2-cp313-cp313t-macosx_14_0_arm64.whl", hash = "sha256:d82075752f40c0ddf57e6e02673a17f6cb0f8eb3f587f63ca1eaab5594da5b17" },
    { url = "https://download.pytorch.org/whl/numpy-2.1.2-cp313-cp313t-macosx_14_0_x86_64.whl", hash = "sha256:1600068c262af1ca9580a527d43dc9d959b0b1d8e56f8a05d830eea39b7c8af6" },
    { url = "https://download.pytorch.org/whl/numpy-2.1.2-cp313-cp313t-manylinux_2_17_aarch64.manylinux2014_aarch64.whl", hash = "sha256:a26ae94658d3ba3781d5e103ac07a876b3e9b29db53f68ed7df432fd033358a8" },
    { url = "https://download.pytorch.org/whl/numpy-2.1.2-cp313-cp313t-manylinux_2_17_x86_64.manylinux2014_x86_64.whl", hash = "sha256:13311c2db4c5f7609b462bc0f43d3c465424d25c626d95040f073e30f7570e35" },
]

[[package]]
name = "nvidia-cublas-cu11"
version = "11.11.3.6"
source = { registry = "https://download.pytorch.org/whl/cu118" }
wheels = [
    { url = "https://download.pytorch.org/whl/cu118/nvidia_cublas_cu11-11.11.3.6-py3-none-manylinux1_x86_64.whl", hash = "sha256:39fb40e8f486dd8a2ddb8fdeefe1d5b28f5b99df01c87ab3676f057a74a5a6f3" },
]

[[package]]
name = "nvidia-cuda-cupti-cu11"
version = "11.8.87"
source = { registry = "https://download.pytorch.org/whl/cu118" }
wheels = [
    { url = "https://download.pytorch.org/whl/cu118/nvidia_cuda_cupti_cu11-11.8.87-py3-none-manylinux1_x86_64.whl", hash = "sha256:0e50c707df56c75a2c0703dc6b886f3c97a22f37d6f63839f75b7418ba672a8d" },
]

[[package]]
name = "nvidia-cuda-nvrtc-cu11"
version = "11.8.89"
source = { registry = "https://download.pytorch.org/whl/cu118" }
wheels = [
    { url = "https://download.pytorch.org/whl/cu118/nvidia_cuda_nvrtc_cu11-11.8.89-py3-none-manylinux1_x86_64.whl", hash = "sha256:1f27d67b0f72902e9065ae568b4f6268dfe49ba3ed269c9a3da99bb86d1d2008" },
]

[[package]]
name = "nvidia-cuda-runtime-cu11"
version = "11.8.89"
source = { registry = "https://download.pytorch.org/whl/cu118" }
wheels = [
    { url = "https://download.pytorch.org/whl/cu118/nvidia_cuda_runtime_cu11-11.8.89-py3-none-manylinux1_x86_64.whl", hash = "sha256:f587bd726eb2f7612cf77ce38a2c1e65cf23251ff49437f6161ce0d647f64f7c" },
]

[[package]]
name = "nvidia-cudnn-cu11"
version = "9.1.0.70"
source = { registry = "https://download.pytorch.org/whl/cu118" }
dependencies = [
    { name = "nvidia-cublas-cu11" },
]
wheels = [
    { url = "https://download.pytorch.org/whl/cu118/nvidia_cudnn_cu11-9.1.0.70-py3-none-manylinux2014_x86_64.whl", hash = "sha256:e6135ac63fe9d5b0b89cfb35c3fc1c1349f2b995becadf2e9dc21bca89d9633d" },
]

[[package]]
name = "nvidia-cufft-cu11"
version = "10.9.0.58"
source = { registry = "https://download.pytorch.org/whl/cu118" }
wheels = [
    { url = "https://download.pytorch.org/whl/cu118/nvidia_cufft_cu11-10.9.0.58-py3-none-manylinux1_x86_64.whl", hash = "sha256:222f9da70c80384632fd6035e4c3f16762d64ea7a843829cb278f98b3cb7dd81" },
]

[[package]]
name = "nvidia-curand-cu11"
version = "10.3.0.86"
source = { registry = "https://download.pytorch.org/whl/cu118" }
wheels = [
    { url = "https://download.pytorch.org/whl/cu118/nvidia_curand_cu11-10.3.0.86-py3-none-manylinux1_x86_64.whl", hash = "sha256:ac439548c88580269a1eb6aeb602a5aed32f0dbb20809a31d9ed7d01d77f6bf5" },
]

[[package]]
name = "nvidia-cusolver-cu11"
version = "11.4.1.48"
source = { registry = "https://download.pytorch.org/whl/cu118" }
dependencies = [
    { name = "nvidia-cublas-cu11" },
]
wheels = [
    { url = "https://download.pytorch.org/whl/cu118/nvidia_cusolver_cu11-11.4.1.48-py3-none-manylinux1_x86_64.whl", hash = "sha256:ca538f545645b7e6629140786d3127fe067b3d5a085bd794cde5bfe877c8926f" },
]

[[package]]
name = "nvidia-cusparse-cu11"
version = "11.7.5.86"
source = { registry = "https://download.pytorch.org/whl/cu118" }
wheels = [
    { url = "https://download.pytorch.org/whl/cu118/nvidia_cusparse_cu11-11.7.5.86-py3-none-manylinux1_x86_64.whl", hash = "sha256:4ae709fe78d3f23f60acaba8c54b8ad556cf16ca486e0cc1aa92dca7555d2d2b" },
]

[[package]]
name = "nvidia-nccl-cu11"
version = "2.21.5"
source = { registry = "https://download.pytorch.org/whl/cu118" }
wheels = [
    { url = "https://download.pytorch.org/whl/cu118/nvidia_nccl_cu11-2.21.5-py3-none-manylinux2014_x86_64.whl", hash = "sha256:49d8350629c7888701d1fd200934942671cb5c728f49acc5a0b3a768820bed29" },
]

[[package]]
name = "nvidia-nvtx-cu11"
version = "11.8.86"
source = { registry = "https://download.pytorch.org/whl/cu118" }
wheels = [
    { url = "https://download.pytorch.org/whl/cu118/nvidia_nvtx_cu11-11.8.86-py3-none-manylinux1_x86_64.whl", hash = "sha256:890656d8bd9b4e280231c832e1f0d03459200ba4824ddda3dcb59b1e1989b9f5" },
]

[[package]]
name = "pillow"
version = "11.0.0"
source = { registry = "https://download.pytorch.org/whl/cu118" }
wheels = [
    { url = "https://download.pytorch.org/whl/pillow-11.0.0-cp310-cp310-macosx_10_10_x86_64.whl", hash = "sha256:6619654954dc4936fcff82db8eb6401d3159ec6be81e33c6000dfd76ae189947" },
    { url = "https://download.pytorch.org/whl/pillow-11.0.0-cp310-cp310-macosx_11_0_arm64.whl", hash = "sha256:b3c5ac4bed7519088103d9450a1107f76308ecf91d6dabc8a33a2fcfb18d0fba" },
    { url = "https://download.pytorch.org/whl/pillow-11.0.0-cp310-cp310-manylinux_2_17_aarch64.manylinux2014_aarch64.whl", hash = "sha256:a65149d8ada1055029fcb665452b2814fe7d7082fcb0c5bed6db851cb69b2086" },
    { url = "https://download.pytorch.org/whl/pillow-11.0.0-cp310-cp310-manylinux_2_17_x86_64.manylinux2014_x86_64.whl", hash = "sha256:88a58d8ac0cc0e7f3a014509f0455248a76629ca9b604eca7dc5927cc593c5e9" },
    { url = "https://download.pytorch.org/whl/pillow-11.0.0-cp310-cp310-manylinux_2_28_aarch64.whl", hash = "sha256:c26845094b1af3c91852745ae78e3ea47abf3dbcd1cf962f16b9a5fbe3ee8488" },
    { url = "https://download.pytorch.org/whl/pillow-11.0.0-cp310-cp310-manylinux_2_28_x86_64.whl", hash = "sha256:1a61b54f87ab5786b8479f81c4b11f4d61702830354520837f8cc791ebba0f5f" },
    { url = "https://download.pytorch.org/whl/pillow-11.0.0-cp310-cp310-win_amd64.whl", hash = "sha256:a5629742881bcbc1f42e840af185fd4d83a5edeb96475a575f4da50d6ede337c" },
    { url = "https://download.pytorch.org/whl/pillow-11.0.0-cp310-cp310-win_arm64.whl", hash = "sha256:ee217c198f2e41f184f3869f3e485557296d505b5195c513b2bfe0062dc537f1" },
    { url = "https://download.pytorch.org/whl/pillow-11.0.0-cp311-cp311-macosx_10_10_x86_64.whl", hash = "sha256:1c1d72714f429a521d8d2d018badc42414c3077eb187a59579f28e4270b4b0fc" },
    { url = "https://download.pytorch.org/whl/pillow-11.0.0-cp311-cp311-macosx_11_0_arm64.whl", hash = "sha256:499c3a1b0d6fc8213519e193796eb1a86a1be4b1877d678b30f83fd979811d1a" },
    { url = "https://download.pytorch.org/whl/pillow-11.0.0-cp311-cp311-manylinux_2_17_aarch64.manylinux2014_aarch64.whl", hash = "sha256:c8b2351c85d855293a299038e1f89db92a2f35e8d2f783489c6f0b2b5f3fe8a3" },
    { url = "https://download.pytorch.org/whl/pillow-11.0.0-cp311-cp311-manylinux_2_17_x86_64.manylinux2014_x86_64.whl", hash = "sha256:6f4dba50cfa56f910241eb7f883c20f1e7b1d8f7d91c750cd0b318bad443f4d5" },
    { url = "https://download.pytorch.org/whl/pillow-11.0.0-cp311-cp311-manylinux_2_28_aarch64.whl", hash = "sha256:5ddbfd761ee00c12ee1be86c9c0683ecf5bb14c9772ddbd782085779a63dd55b" },
    { url = "https://download.pytorch.org/whl/pillow-11.0.0-cp311-cp311-manylinux_2_28_x86_64.whl", hash = "sha256:45c566eb10b8967d71bf1ab8e4a525e5a93519e29ea071459ce517f6b903d7fa" },
    { url = "https://download.pytorch.org/whl/pillow-11.0.0-cp311-cp311-win_amd64.whl", hash = "sha256:52a2d8323a465f84faaba5236567d212c3668f2ab53e1c74c15583cf507a0291" },
    { url = "https://download.pytorch.org/whl/pillow-11.0.0-cp311-cp311-win_arm64.whl", hash = "sha256:16095692a253047fe3ec028e951fa4221a1f3ed3d80c397e83541a3037ff67c9" },
    { url = "https://download.pytorch.org/whl/pillow-11.0.0-cp312-cp312-macosx_10_13_x86_64.whl", hash = "sha256:d2c0a187a92a1cb5ef2c8ed5412dd8d4334272617f532d4ad4de31e0495bd923" },
    { url = "https://download.pytorch.org/whl/pillow-11.0.0-cp312-cp312-macosx_11_0_arm64.whl", hash = "sha256:084a07ef0821cfe4858fe86652fffac8e187b6ae677e9906e192aafcc1b69903" },
    { url = "https://download.pytorch.org/whl/pillow-11.0.0-cp312-cp312-manylinux_2_17_aarch64.manylinux2014_aarch64.whl", hash = "sha256:8069c5179902dcdce0be9bfc8235347fdbac249d23bd90514b7a47a72d9fecf4" },
    { url = "https://download.pytorch.org/whl/pillow-11.0.0-cp312-cp312-manylinux_2_17_x86_64.manylinux2014_x86_64.whl", hash = "sha256:f02541ef64077f22bf4924f225c0fd1248c168f86e4b7abdedd87d6ebaceab0f" },
    { url = "https://download.pytorch.org/whl/pillow-11.0.0-cp312-cp312-manylinux_2_28_aarch64.whl", hash = "sha256:fcb4621042ac4b7865c179bb972ed0da0218a076dc1820ffc48b1d74c1e37fe9" },
    { url = "https://download.pytorch.org/whl/pillow-11.0.0-cp312-cp312-manylinux_2_28_x86_64.whl", hash = "sha256:00177a63030d612148e659b55ba99527803288cea7c75fb05766ab7981a8c1b7" },
    { url = "https://download.pytorch.org/whl/pillow-11.0.0-cp312-cp312-win_amd64.whl", hash = "sha256:8ec4a89295cd6cd4d1058a5e6aec6bf51e0eaaf9714774e1bfac7cfc9051db47" },
    { url = "https://download.pytorch.org/whl/pillow-11.0.0-cp312-cp312-win_arm64.whl", hash = "sha256:27a7860107500d813fcd203b4ea19b04babe79448268403172782754870dac25" },
    { url = "https://download.pytorch.org/whl/pillow-11.0.0-cp313-cp313-macosx_10_13_x86_64.whl", hash = "sha256:bcd1fb5bb7b07f64c15618c89efcc2cfa3e95f0e3bcdbaf4642509de1942a699" },
    { url = "https://download.pytorch.org/whl/pillow-11.0.0-cp313-cp313-macosx_11_0_arm64.whl", hash = "sha256:0e038b0745997c7dcaae350d35859c9715c71e92ffb7e0f4a8e8a16732150f38" },
    { url = "https://download.pytorch.org/whl/pillow-11.0.0-cp313-cp313-manylinux_2_17_aarch64.manylinux2014_aarch64.whl", hash = "sha256:0ae08bd8ffc41aebf578c2af2f9d8749d91f448b3bfd41d7d9ff573d74f2a6b2" },
    { url = "https://download.pytorch.org/whl/pillow-11.0.0-cp313-cp313-manylinux_2_17_x86_64.manylinux2014_x86_64.whl", hash = "sha256:d69bfd8ec3219ae71bcde1f942b728903cad25fafe3100ba2258b973bd2bc1b2" },
    { url = "https://download.pytorch.org/whl/pillow-11.0.0-cp313-cp313-manylinux_2_28_aarch64.whl", hash = "sha256:61b887f9ddba63ddf62fd02a3ba7add935d053b6dd7d58998c630e6dbade8527" },
    { url = "https://download.pytorch.org/whl/pillow-11.0.0-cp313-cp313-manylinux_2_28_x86_64.whl", hash = "sha256:c6a660307ca9d4867caa8d9ca2c2658ab685de83792d1876274991adec7b93fa" },
    { url = "https://download.pytorch.org/whl/pillow-11.0.0-cp313-cp313-win_amd64.whl", hash = "sha256:8ba470552b48e5835f1d23ecb936bb7f71d206f9dfeee64245f30c3270b994de" },
    { url = "https://download.pytorch.org/whl/pillow-11.0.0-cp313-cp313-win_arm64.whl", hash = "sha256:846e193e103b41e984ac921b335df59195356ce3f71dcfd155aa79c603873b84" },
    { url = "https://download.pytorch.org/whl/pillow-11.0.0-cp313-cp313t-macosx_10_13_x86_64.whl", hash = "sha256:4ad70c4214f67d7466bea6a08061eba35c01b1b89eaa098040a35272a8efb22b" },
    { url = "https://download.pytorch.org/whl/pillow-11.0.0-cp313-cp313t-macosx_11_0_arm64.whl", hash = "sha256:6ec0d5af64f2e3d64a165f490d96368bb5dea8b8f9ad04487f9ab60dc4bb6003" },
    { url = "https://download.pytorch.org/whl/pillow-11.0.0-cp313-cp313t-manylinux_2_17_x86_64.manylinux2014_x86_64.whl", hash = "sha256:c809a70e43c7977c4a42aefd62f0131823ebf7dd73556fa5d5950f5b354087e2" },
    { url = "https://download.pytorch.org/whl/pillow-11.0.0-cp313-cp313t-manylinux_2_28_x86_64.whl", hash = "sha256:4b60c9520f7207aaf2e1d94de026682fc227806c6e1f55bba7606d1c94dd623a" },
    { url = "https://download.pytorch.org/whl/pillow-11.0.0-cp313-cp313t-win_amd64.whl", hash = "sha256:5c39ed17edea3bc69c743a8dd3e9853b7509625c2462532e62baa0732163a904" },
    { url = "https://download.pytorch.org/whl/pillow-11.0.0-cp313-cp313t-win_arm64.whl", hash = "sha256:75acbbeb05b86bc53cbe7b7e6fe00fbcf82ad7c684b3ad82e3d711da9ba287d3" },
]

[[package]]
name = "setuptools"
version = "70.2.0"
source = { registry = "https://download.pytorch.org/whl/cu118" }
wheels = [
    { url = "https://download.pytorch.org/whl/setuptools-70.2.0-py3-none-any.whl", hash = "sha256:b8b8060bb426838fbe942479c90296ce976249451118ef566a5a0b7d8b78fb05" },
]

[[package]]
name = "sympy"
version = "1.13.3"
source = { registry = "https://download.pytorch.org/whl/cu118" }
dependencies = [
    { name = "mpmath" },
]
wheels = [
    { url = "https://download.pytorch.org/whl/sympy-1.13.3-py3-none-any.whl" },
]

[[package]]
name = "torch"
version = "2.7.1+cu118"
source = { registry = "https://download.pytorch.org/whl/cu118" }
dependencies = [
    { name = "filelock" },
    { name = "fsspec" },
    { name = "jinja2" },
    { name = "networkx" },
    { name = "nvidia-cublas-cu11", marker = "platform_machine == 'x86_64' and sys_platform == 'linux'" },
    { name = "nvidia-cuda-cupti-cu11", marker = "platform_machine == 'x86_64' and sys_platform == 'linux'" },
    { name = "nvidia-cuda-nvrtc-cu11", marker = "platform_machine == 'x86_64' and sys_platform == 'linux'" },
    { name = "nvidia-cuda-runtime-cu11", marker = "platform_machine == 'x86_64' and sys_platform == 'linux'" },
    { name = "nvidia-cudnn-cu11", marker = "platform_machine == 'x86_64' and sys_platform == 'linux'" },
    { name = "nvidia-cufft-cu11", marker = "platform_machine == 'x86_64' and sys_platform == 'linux'" },
    { name = "nvidia-curand-cu11", marker = "platform_machine == 'x86_64' and sys_platform == 'linux'" },
    { name = "nvidia-cusolver-cu11", marker = "platform_machine == 'x86_64' and sys_platform == 'linux'" },
    { name = "nvidia-cusparse-cu11", marker = "platform_machine == 'x86_64' and sys_platform == 'linux'" },
    { name = "nvidia-nccl-cu11", marker = "platform_machine == 'x86_64' and sys_platform == 'linux'" },
    { name = "nvidia-nvtx-cu11", marker = "platform_machine == 'x86_64' and sys_platform == 'linux'" },
    { name = "setuptools", marker = "python_full_version >= '3.12'" },
    { name = "sympy" },
    { name = "triton", marker = "platform_machine == 'x86_64' and sys_platform == 'linux'" },
    { name = "typing-extensions" },
]
wheels = [
    { url = "https://download.pytorch.org/whl/cu118/torch-2.7.1%2Bcu118-cp310-cp310-manylinux_2_28_x86_64.whl", hash = "sha256:89433c62b02ec802d4c0887c867d935887ae8f00d7cc549ecf1c2640d096bd4c" },
    { url = "https://download.pytorch.org/whl/cu118/torch-2.7.1%2Bcu118-cp310-cp310-win_amd64.whl", hash = "sha256:af4833e36a8e964681a4dad7775f559cf043bd42c9d0c0b5e0619f9d0e44cb56" },
    { url = "https://download.pytorch.org/whl/cu118/torch-2.7.1%2Bcu118-cp311-cp311-manylinux_2_28_x86_64.whl", hash = "sha256:a596d91c747d1fa601724e85b9c8797c8d7c62140aa1acf245773e911254bc45" },
    { url = "https://download.pytorch.org/whl/cu118/torch-2.7.1%2Bcu118-cp311-cp311-win_amd64.whl", hash = "sha256:584e5ee99d29286b93be2fba3b3f1f5b9d7a4b9055a288eb31b33100a1f09ed9" },
    { url = "https://download.pytorch.org/whl/cu118/torch-2.7.1%2Bcu118-cp312-cp312-manylinux_2_28_x86_64.whl", hash = "sha256:91454dcfdb81f181fdf216d6d6d9912fbd8795578b90384b3b8b8132737072bb" },
    { url = "https://download.pytorch.org/whl/cu118/torch-2.7.1%2Bcu118-cp312-cp312-win_amd64.whl", hash = "sha256:80855ec840b7b06372ff43535d01393a8ec101842618d1f9ed629572b52aed71" },
    { url = "https://download.pytorch.org/whl/cu118/torch-2.7.1%2Bcu118-cp313-cp313-manylinux_2_28_x86_64.whl", hash = "sha256:a3f02b2795165eaf6dfe18c963519049a45a9c588488795cebc5015dac77ab46" },
    { url = "https://download.pytorch.org/whl/cu118/torch-2.7.1%2Bcu118-cp313-cp313-win_amd64.whl", hash = "sha256:3122e59a5fe4e9ee991e7ad4e7002afa549b2873e421759df6454f20f53a6c74" },
    { url = "https://download.pytorch.org/whl/cu118/torch-2.7.1%2Bcu118-cp313-cp313t-manylinux_2_28_x86_64.whl", hash = "sha256:627b7248b429d97b3955f1d0375aad1192b8f20f37556384848b6c622e491eb5" },
    { url = "https://download.pytorch.org/whl/cu118/torch-2.7.1%2Bcu118-cp313-cp313t-win_amd64.whl", hash = "sha256:e06a205f15b3a045924d72f788af0664ca5f20e610eaac7162189721cf31a771" },
]

[[package]]
name = "torchaudio"
version = "2.7.1+cu118"
source = { registry = "https://download.pytorch.org/whl/cu118" }
dependencies = [
    { name = "torch" },
]
wheels = [
    { url = "https://download.pytorch.org/whl/cu118/torchaudio-2.7.1%2Bcu118-cp310-cp310-manylinux_2_28_x86_64.whl", hash = "sha256:effef2c79a95830d11b481f6fbe461312988b49b4c0b3dbe893d0b56d5ce032f" },
    { url = "https://download.pytorch.org/whl/cu118/torchaudio-2.7.1%2Bcu118-cp310-cp310-win_amd64.whl", hash = "sha256:da55035d325d4523981c48413da8e34321ef6d9306fa71b04b96dc04b3ed8318" },
    { url = "https://download.pytorch.org/whl/cu118/torchaudio-2.7.1%2Bcu118-cp311-cp311-manylinux_2_28_x86_64.whl", hash = "sha256:76629345b5e095b5b9dd6abbeb1919e50dd8f3c2082d89b54ad5cd7d25158de9" },
    { url = "https://download.pytorch.org/whl/cu118/torchaudio-2.7.1%2Bcu118-cp311-cp311-win_amd64.whl", hash = "sha256:c33d68f7a0c35810dbd74150f8994ef850c54813d0f8c5b7b1e5d71f2b6c7159" },
    { url = "https://download.pytorch.org/whl/cu118/torchaudio-2.7.1%2Bcu118-cp312-cp312-manylinux_2_28_x86_64.whl", hash = "sha256:6b64a313866b2a5bb43d4c6906e8820d3dc844f89a97c00dc5c8b92e6b70fe17" },
    { url = "https://download.pytorch.org/whl/cu118/torchaudio-2.7.1%2Bcu118-cp312-cp312-win_amd64.whl", hash = "sha256:e214b04cd40be5e733f5915879f8cbe2de889661ca179fd86998bbadf3740f44" },
    { url = "https://download.pytorch.org/whl/cu118/torchaudio-2.7.1%2Bcu118-cp313-cp313-manylinux_2_28_x86_64.whl", hash = "sha256:550f0c97348d02e5e18d708a4b29f54b63920d5263b56467f0592ab7544b1772" },
    { url = "https://download.pytorch.org/whl/cu118/torchaudio-2.7.1%2Bcu118-cp313-cp313-win_amd64.whl", hash = "sha256:15a3bc02bd0ecf6a3a90c7aa06b54f2b89862deac220eac2421794347eaf9737" },
    { url = "https://download.pytorch.org/whl/cu118/torchaudio-2.7.1%2Bcu118-cp313-cp313t-manylinux_2_28_x86_64.whl", hash = "sha256:29da4e463bc2f94dcf2b46c0ba05dee3751efa7f880278cbfdf38b147e359a3d" },
    { url = "https://download.pytorch.org/whl/cu118/torchaudio-2.7.1%2Bcu118-cp313-cp313t-win_amd64.whl", hash = "sha256:28b31c05d75b0b35e34e8627409f30def4bc8f2ebebd2dc75956999e690ed007" },
]

[[package]]
name = "torchvision"
version = "0.22.1+cu118"
source = { registry = "https://download.pytorch.org/whl/cu118" }
dependencies = [
    { name = "numpy" },
    { name = "pillow" },
    { name = "torch" },
]
wheels = [
    { url = "https://download.pytorch.org/whl/cu118/torchvision-0.22.1%2Bcu118-cp310-cp310-manylinux_2_28_x86_64.whl", hash = "sha256:64954400493caf614b5aebded9b5a63eda8753cea9f8a1e32752eb2adc6ed383" },
    { url = "https://download.pytorch.org/whl/cu118/torchvision-0.22.1%2Bcu118-cp310-cp310-win_amd64.whl", hash = "sha256:608ea6cb93eb66cdf273cab41122f83191c198c3c4ff583609f0e6e184f52865" },
    { url = "https://download.pytorch.org/whl/cu118/torchvision-0.22.1%2Bcu118-cp311-cp311-manylinux_2_28_x86_64.whl", hash = "sha256:6dd3d825fb4a75eae887665d1da812a360d69273118bfa17616c836bfb466627" },
    { url = "https://download.pytorch.org/whl/cu118/torchvision-0.22.1%2Bcu118-cp311-cp311-win_amd64.whl", hash = "sha256:98a626661670cd96faeef05b33a140a09f9f134b0ab38d127b6ebbcf73d42bf5" },
    { url = "https://download.pytorch.org/whl/cu118/torchvision-0.22.1%2Bcu118-cp312-cp312-manylinux_2_28_x86_64.whl", hash = "sha256:e4a8696261b8c64297a2683656f4ee64418d7ee391627702fe5c06b72ce81123" },
    { url = "https://download.pytorch.org/whl/cu118/torchvision-0.22.1%2Bcu118-cp312-cp312-win_amd64.whl", hash = "sha256:3e927a3b0b08c7582cfa09e5f16b35435de390a612cfe76eed1418ab7b68d6b6" },
    { url = "https://download.pytorch.org/whl/cu118/torchvision-0.22.1%2Bcu118-cp313-cp313-manylinux_2_28_x86_64.whl", hash = "sha256:9e0306a2f0452ea454a5e8b9e89b331c2d7fed6d4c4dcc1358b4f8cc21fc130e" },
    { url = "https://download.pytorch.org/whl/cu118/torchvision-0.22.1%2Bcu118-cp313-cp313-win_amd64.whl", hash = "sha256:2dd71de1013c1929ea404832b863f769f3fa8b466cc7653b567becf16eedc91b" },
    { url = "https://download.pytorch.org/whl/cu118/torchvision-0.22.1%2Bcu118-cp313-cp313t-manylinux_2_28_x86_64.whl", hash = "sha256:c8a1e3862f5f7a0c0446211db467be247efe03c46889e1eecbae760f96d2b98e" },
    { url = "https://download.pytorch.org/whl/cu118/torchvision-0.22.1%2Bcu118-cp313-cp313t-win_amd64.whl", hash = "sha256:ab848efeb898a7844d7a245e62d2a7982b3d56daf0619283103d8fff6b694d3c" },
]

[[package]]
name = "triton"
version = "3.3.1"
source = { registry = "https://download.pytorch.org/whl/cu118" }
dependencies = [
    { name = "setuptools" },
]
wheels = [
    { url = "https://download.pytorch.org/whl/triton-3.3.1-cp310-cp310-manylinux_2_27_x86_64.manylinux_2_28_x86_64.whl" },
    { url = "https://download.pytorch.org/whl/triton-3.3.1-cp311-cp311-manylinux_2_27_x86_64.manylinux_2_28_x86_64.whl" },
    { url = "https://download.pytorch.org/whl/triton-3.3.1-cp312-cp312-manylinux_2_27_x86_64.manylinux_2_28_x86_64.whl" },
    { url = "https://download.pytorch.org/whl/triton-3.3.1-cp313-cp313-manylinux_2_27_x86_64.manylinux_2_28_x86_64.whl" },
    { url = "https://download.pytorch.org/whl/triton-3.3.1-cp313-cp313t-manylinux_2_27_x86_64.manylinux_2_28_x86_64.whl" },
]

[[package]]
name = "typing-extensions"
version = "4.12.2"
source = { registry = "https://download.pytorch.org/whl/cu118" }
wheels = [
    { url = "https://download.pytorch.org/whl/typing_extensions-4.12.2-py3-none-any.whl", hash = "sha256:04e5ca0351e0f3f85c6853954072df659d0d13fac324d0072316b67d7794700d" },
]
